
Microsoft Visual Studio Solution File, Format Version 12.00
# Visual Studio 2012
Project("{FAE04EC0-301F-11D3-BF4B-00C04F79EFBC}") = "FinanceIUA", "FinanceIUA\FinanceIUA.csproj", "{787EA8CD-CFEE-4A43-8822-76B836D99287}"
EndProject
Project("{2150E333-8FDC-42A3-9474-1A3956D46DE8}") = ".nuget", ".nuget", "{01BFD8EB-B8AB-45DE-9A80-84198138A97D}"
	ProjectSection(SolutionItems) = preProject
		.nuget\packages.config = .nuget\packages.config
	EndProjectSection
EndProject
Global
	GlobalSection(SolutionConfigurationPlatforms) = preSolution
		Debug|Any CPU = Debug|Any CPU
		Release|Any CPU = Release|Any CPU
	EndGlobalSection
	GlobalSection(ProjectConfigurationPlatforms) = postSolution
		{787EA8CD-CFEE-4A43-8822-76B836D99287}.Debug|Any CPU.ActiveCfg = Debug|Any CPU
		{787EA8CD-CFEE-4A43-8822-76B836D99287}.Debug|Any CPU.Build.0 = Debug|Any CPU
		{787EA8CD-CFEE-4A43-8822-76B836D99287}.Release|Any CPU.ActiveCfg = Release|Any CPU
		{787EA8CD-CFEE-4A43-8822-76B836D99287}.Release|Any CPU.Build.0 = Release|Any CPU
	EndGlobalSection
	GlobalSection(SolutionProperties) = preSolution
		HideSolutionNode = FALSE
	EndGlobalSection
EndGlobal
